// !$*UTF8*$!
{
	archiveVersion = 1;
	classes = {
	};
	objectVersion = 48;
	objects = {

/* Begin PBXBuildFile section */
		351DF8BC2048C55600284B64 /* Redressed-Regular.ttf in Resources */ = {isa = PBXBuildFile; fileRef = 351DF8BB2048C55600284B64 /* Redressed-Regular.ttf */; };
		3569DB552025D36A003593D4 /* PullToShow.swift in Sources */ = {isa = PBXBuildFile; fileRef = 3569DB542025D36A003593D4 /* PullToShow.swift */; };
		35A04AB9202338C200E5CD12 /* SpringAnimation.swift in Sources */ = {isa = PBXBuildFile; fileRef = 35A04AB8202338C200E5CD12 /* SpringAnimation.swift */; };
		35C3974620269BF10034F17B /* Delicious.jpeg in Resources */ = {isa = PBXBuildFile; fileRef = 35C3974520269BF00034F17B /* Delicious.jpeg */; };
		35C3974820269C020034F17B /* Steak.jpg in Resources */ = {isa = PBXBuildFile; fileRef = 35C3974720269C020034F17B /* Steak.jpg */; };
		35C3974A2026A5DF0034F17B /* UIApplication+StatusBar.swift in Sources */ = {isa = PBXBuildFile; fileRef = 35C397492026A5DF0034F17B /* UIApplication+StatusBar.swift */; };
		35C3974C2026AD4F0034F17B /* ShowNavBar.swift in Sources */ = {isa = PBXBuildFile; fileRef = 35C3974B2026AD4F0034F17B /* ShowNavBar.swift */; };
		35C397502026B4CF0034F17B /* Mountain.jpg in Resources */ = {isa = PBXBuildFile; fileRef = 35C3974F2026B4CF0034F17B /* Mountain.jpg */; };
		35FC3DF1201CB16900BEB71C /* RotationButton.swift in Sources */ = {isa = PBXBuildFile; fileRef = 35FC3DEF201CB16900BEB71C /* RotationButton.swift */; };
		C91CD634204E305D00F0EE09 /* nightCity.png in Resources */ = {isa = PBXBuildFile; fileRef = C91CD633204E305D00F0EE09 /* nightCity.png */; };
		C91CD636204E5CD500F0EE09 /* GradientView.swift in Sources */ = {isa = PBXBuildFile; fileRef = C91CD635204E5CD500F0EE09 /* GradientView.swift */; };
		C95B18172016C52100D3A59E /* RoundButton.swift in Sources */ = {isa = PBXBuildFile; fileRef = C95B18162016C52100D3A59E /* RoundButton.swift */; };
		C95B181B2016C5F300D3A59E /* MainViewController.swift in Sources */ = {isa = PBXBuildFile; fileRef = C95B181A2016C5F300D3A59E /* MainViewController.swift */; };
		C95B181E2016C68500D3A59E /* UIColor+HEXString.swift in Sources */ = {isa = PBXBuildFile; fileRef = C95B181D2016C68500D3A59E /* UIColor+HEXString.swift */; };
		C95B18202016CA3100D3A59E /* UIView+Constraint.swift in Sources */ = {isa = PBXBuildFile; fileRef = C95B181F2016CA3100D3A59E /* UIView+Constraint.swift */; };
		C95B18232016D2C000D3A59E /* AnimationView.swift in Sources */ = {isa = PBXBuildFile; fileRef = C95B18222016D2C000D3A59E /* AnimationView.swift */; };
		C95B18252016D38000D3A59E /* ImageTextfield.swift in Sources */ = {isa = PBXBuildFile; fileRef = C95B18242016D38000D3A59E /* ImageTextfield.swift */; };
		C9656058205127CB004C2E45 /* PullRefreshVIew1.swift in Sources */ = {isa = PBXBuildFile; fileRef = C9656057205127CB004C2E45 /* PullRefreshVIew1.swift */; };
		C98102462016C293000D78E2 /* AppDelegate.swift in Sources */ = {isa = PBXBuildFile; fileRef = C98102452016C293000D78E2 /* AppDelegate.swift */; };
		C981024B2016C293000D78E2 /* Main.storyboard in Resources */ = {isa = PBXBuildFile; fileRef = C98102492016C293000D78E2 /* Main.storyboard */; };
		C981024D2016C293000D78E2 /* Assets.xcassets in Resources */ = {isa = PBXBuildFile; fileRef = C981024C2016C293000D78E2 /* Assets.xcassets */; };
		C98102502016C293000D78E2 /* LaunchScreen.storyboard in Resources */ = {isa = PBXBuildFile; fileRef = C981024E2016C293000D78E2 /* LaunchScreen.storyboard */; };
		C9C71913204780C6000D6416 /* CustomNavBar.swift in Sources */ = {isa = PBXBuildFile; fileRef = C9C71912204780C6000D6416 /* CustomNavBar.swift */; };
		C9C7191D20478EFF000D6416 /* landscape6.png in Resources */ = {isa = PBXBuildFile; fileRef = C9C7191520478EFF000D6416 /* landscape6.png */; };
		C9C7191E20478EFF000D6416 /* landscape7.png in Resources */ = {isa = PBXBuildFile; fileRef = C9C7191620478EFF000D6416 /* landscape7.png */; };
		C9C7191F20478EFF000D6416 /* landscape3.png in Resources */ = {isa = PBXBuildFile; fileRef = C9C7191720478EFF000D6416 /* landscape3.png */; };
		C9C7192020478EFF000D6416 /* landscape8.png in Resources */ = {isa = PBXBuildFile; fileRef = C9C7191820478EFF000D6416 /* landscape8.png */; };
		C9C7192120478EFF000D6416 /* landscape5.png in Resources */ = {isa = PBXBuildFile; fileRef = C9C7191920478EFF000D6416 /* landscape5.png */; };
		C9C7192220478EFF000D6416 /* landscape1.png in Resources */ = {isa = PBXBuildFile; fileRef = C9C7191A20478EFF000D6416 /* landscape1.png */; };
		C9C7192320478EFF000D6416 /* landscape4.png in Resources */ = {isa = PBXBuildFile; fileRef = C9C7191B20478EFF000D6416 /* landscape4.png */; };
		C9C7192420478EFF000D6416 /* landscape2.png in Resources */ = {isa = PBXBuildFile; fileRef = C9C7191C20478EFF000D6416 /* landscape2.png */; };
/* End PBXBuildFile section */

/* Begin PBXFileReference section */
		351DF8BB2048C55600284B64 /* Redressed-Regular.ttf */ = {isa = PBXFileReference; lastKnownFileType = file; path = "Redressed-Regular.ttf"; sourceTree = "<group>"; };
		3569DB542025D36A003593D4 /* PullToShow.swift */ = {isa = PBXFileReference; lastKnownFileType = sourcecode.swift; path = PullToShow.swift; sourceTree = "<group>"; };
		35A04AB8202338C200E5CD12 /* SpringAnimation.swift */ = {isa = PBXFileReference; lastKnownFileType = sourcecode.swift; path = SpringAnimation.swift; sourceTree = "<group>"; };
		35C3974520269BF00034F17B /* Delicious.jpeg */ = {isa = PBXFileReference; lastKnownFileType = image.jpeg; path = Delicious.jpeg; sourceTree = "<group>"; };
		35C3974720269C020034F17B /* Steak.jpg */ = {isa = PBXFileReference; lastKnownFileType = image.jpeg; path = Steak.jpg; sourceTree = "<group>"; };
		35C397492026A5DF0034F17B /* UIApplication+StatusBar.swift */ = {isa = PBXFileReference; lastKnownFileType = sourcecode.swift; path = "UIApplication+StatusBar.swift"; sourceTree = "<group>"; };
		35C3974B2026AD4F0034F17B /* ShowNavBar.swift */ = {isa = PBXFileReference; lastKnownFileType = sourcecode.swift; path = ShowNavBar.swift; sourceTree = "<group>"; };
		35C3974F2026B4CF0034F17B /* Mountain.jpg */ = {isa = PBXFileReference; lastKnownFileType = image.jpeg; path = Mountain.jpg; sourceTree = "<group>"; };
		35FC3DEF201CB16900BEB71C /* RotationButton.swift */ = {isa = PBXFileReference; lastKnownFileType = sourcecode.swift; path = RotationButton.swift; sourceTree = "<group>"; };
		C91CD633204E305D00F0EE09 /* nightCity.png */ = {isa = PBXFileReference; lastKnownFileType = image.png; path = nightCity.png; sourceTree = "<group>"; };
		C91CD635204E5CD500F0EE09 /* GradientView.swift */ = {isa = PBXFileReference; lastKnownFileType = sourcecode.swift; path = GradientView.swift; sourceTree = "<group>"; };
		C95B18162016C52100D3A59E /* RoundButton.swift */ = {isa = PBXFileReference; lastKnownFileType = sourcecode.swift; path = RoundButton.swift; sourceTree = "<group>"; };
		C95B181A2016C5F300D3A59E /* MainViewController.swift */ = {isa = PBXFileReference; lastKnownFileType = sourcecode.swift; path = MainViewController.swift; sourceTree = "<group>"; };
		C95B181D2016C68500D3A59E /* UIColor+HEXString.swift */ = {isa = PBXFileReference; lastKnownFileType = sourcecode.swift; path = "UIColor+HEXString.swift"; sourceTree = "<group>"; };
		C95B181F2016CA3100D3A59E /* UIView+Constraint.swift */ = {isa = PBXFileReference; lastKnownFileType = sourcecode.swift; path = "UIView+Constraint.swift"; sourceTree = "<group>"; };
		C95B18222016D2C000D3A59E /* AnimationView.swift */ = {isa = PBXFileReference; lastKnownFileType = sourcecode.swift; path = AnimationView.swift; sourceTree = "<group>"; };
		C95B18242016D38000D3A59E /* ImageTextfield.swift */ = {isa = PBXFileReference; lastKnownFileType = sourcecode.swift; path = ImageTextfield.swift; sourceTree = "<group>"; };
		C9656057205127CB004C2E45 /* PullRefreshVIew1.swift */ = {isa = PBXFileReference; lastKnownFileType = sourcecode.swift; path = PullRefreshVIew1.swift; sourceTree = "<group>"; };
		C98102422016C293000D78E2 /* Studio.app */ = {isa = PBXFileReference; explicitFileType = wrapper.application; includeInIndex = 0; path = Studio.app; sourceTree = BUILT_PRODUCTS_DIR; };
		C98102452016C293000D78E2 /* AppDelegate.swift */ = {isa = PBXFileReference; lastKnownFileType = sourcecode.swift; path = AppDelegate.swift; sourceTree = "<group>"; };
		C981024A2016C293000D78E2 /* Base */ = {isa = PBXFileReference; lastKnownFileType = file.storyboard; name = Base; path = Base.lproj/Main.storyboard; sourceTree = "<group>"; };
		C981024C2016C293000D78E2 /* Assets.xcassets */ = {isa = PBXFileReference; lastKnownFileType = folder.assetcatalog; path = Assets.xcassets; sourceTree = "<group>"; };
		C981024F2016C293000D78E2 /* Base */ = {isa = PBXFileReference; lastKnownFileType = file.storyboard; name = Base; path = Base.lproj/LaunchScreen.storyboard; sourceTree = "<group>"; };
		C98102512016C293000D78E2 /* Info.plist */ = {isa = PBXFileReference; lastKnownFileType = text.plist.xml; path = Info.plist; sourceTree = "<group>"; };
		C9C71912204780C6000D6416 /* CustomNavBar.swift */ = {isa = PBXFileReference; lastKnownFileType = sourcecode.swift; path = CustomNavBar.swift; sourceTree = "<group>"; };
		C9C7191520478EFF000D6416 /* landscape6.png */ = {isa = PBXFileReference; lastKnownFileType = image.png; path = landscape6.png; sourceTree = "<group>"; };
		C9C7191620478EFF000D6416 /* landscape7.png */ = {isa = PBXFileReference; lastKnownFileType = image.png; path = landscape7.png; sourceTree = "<group>"; };
		C9C7191720478EFF000D6416 /* landscape3.png */ = {isa = PBXFileReference; lastKnownFileType = image.png; path = landscape3.png; sourceTree = "<group>"; };
		C9C7191820478EFF000D6416 /* landscape8.png */ = {isa = PBXFileReference; lastKnownFileType = image.png; path = landscape8.png; sourceTree = "<group>"; };
		C9C7191920478EFF000D6416 /* landscape5.png */ = {isa = PBXFileReference; lastKnownFileType = image.png; path = landscape5.png; sourceTree = "<group>"; };
		C9C7191A20478EFF000D6416 /* landscape1.png */ = {isa = PBXFileReference; lastKnownFileType = image.png; path = landscape1.png; sourceTree = "<group>"; };
		C9C7191B20478EFF000D6416 /* landscape4.png */ = {isa = PBXFileReference; lastKnownFileType = image.png; path = landscape4.png; sourceTree = "<group>"; };
		C9C7191C20478EFF000D6416 /* landscape2.png */ = {isa = PBXFileReference; lastKnownFileType = image.png; path = landscape2.png; sourceTree = "<group>"; };
/* End PBXFileReference section */

/* Begin PBXFrameworksBuildPhase section */
		C981023F2016C293000D78E2 /* Frameworks */ = {
			isa = PBXFrameworksBuildPhase;
			buildActionMask = 2147483647;
			files = (
			);
			runOnlyForDeploymentPostprocessing = 0;
		};
/* End PBXFrameworksBuildPhase section */

/* Begin PBXGroup section */
		351DF8BA2048C54300284B64 /* Resources */ = {
			isa = PBXGroup;
			children = (
				351DF8BB2048C55600284B64 /* Redressed-Regular.ttf */,
			);
			path = Resources;
			sourceTree = "<group>";
		};
		35C3974420269BDD0034F17B /* Images */ = {
			isa = PBXGroup;
			children = (
				C9C7191420478EB8000D6416 /* Wallpapers */,
				35C3974520269BF00034F17B /* Delicious.jpeg */,
				35C3974720269C020034F17B /* Steak.jpg */,
				35C3974F2026B4CF0034F17B /* Mountain.jpg */,
			);
			path = Images;
			sourceTree = "<group>";
		};
		C95B18152016C4E700D3A59E /* UI Elements */ = {
			isa = PBXGroup;
			children = (
				C95B18162016C52100D3A59E /* RoundButton.swift */,
			);
			path = "UI Elements";
			sourceTree = "<group>";
		};
		C95B181C2016C66500D3A59E /* Extensions */ = {
			isa = PBXGroup;
			children = (
				C95B181D2016C68500D3A59E /* UIColor+HEXString.swift */,
				C95B181F2016CA3100D3A59E /* UIView+Constraint.swift */,
				35C397492026A5DF0034F17B /* UIApplication+StatusBar.swift */,
			);
			path = Extensions;
			sourceTree = "<group>";
		};
		C95B18212016D28B00D3A59E /* Views */ = {
			isa = PBXGroup;
			children = (
				C95B18222016D2C000D3A59E /* AnimationView.swift */,
				C95B18242016D38000D3A59E /* ImageTextfield.swift */,
				35FC3DEF201CB16900BEB71C /* RotationButton.swift */,
				35A04AB8202338C200E5CD12 /* SpringAnimation.swift */,
				3569DB542025D36A003593D4 /* PullToShow.swift */,
				35C3974B2026AD4F0034F17B /* ShowNavBar.swift */,
				C9C71912204780C6000D6416 /* CustomNavBar.swift */,
				C91CD635204E5CD500F0EE09 /* GradientView.swift */,
				C9656057205127CB004C2E45 /* PullRefreshVIew1.swift */,
			);
			path = Views;
			sourceTree = "<group>";
		};
		C98102392016C293000D78E2 = {
			isa = PBXGroup;
			children = (
				C98102442016C293000D78E2 /* Studio */,
				C98102432016C293000D78E2 /* Products */,
			);
			sourceTree = "<group>";
		};
		C98102432016C293000D78E2 /* Products */ = {
			isa = PBXGroup;
			children = (
				C98102422016C293000D78E2 /* Studio.app */,
			);
			name = Products;
			sourceTree = "<group>";
		};
		C98102442016C293000D78E2 /* Studio */ = {
			isa = PBXGroup;
			children = (
				C98102452016C293000D78E2 /* AppDelegate.swift */,
				C95B181A2016C5F300D3A59E /* MainViewController.swift */,
				C98102492016C293000D78E2 /* Main.storyboard */,
				C95B18212016D28B00D3A59E /* Views */,
				C95B18152016C4E700D3A59E /* UI Elements */,
				C95B181C2016C66500D3A59E /* Extensions */,
				351DF8BA2048C54300284B64 /* Resources */,
				35C3974420269BDD0034F17B /* Images */,
				C981024C2016C293000D78E2 /* Assets.xcassets */,
				C981024E2016C293000D78E2 /* LaunchScreen.storyboard */,
				C98102512016C293000D78E2 /* Info.plist */,
			);
			path = Studio;
			sourceTree = "<group>";
		};
		C9C7191420478EB8000D6416 /* Wallpapers */ = {
			isa = PBXGroup;
			children = (
				C91CD633204E305D00F0EE09 /* nightCity.png */,
				C9C7191A20478EFF000D6416 /* landscape1.png */,
				C9C7191C20478EFF000D6416 /* landscape2.png */,
				C9C7191720478EFF000D6416 /* landscape3.png */,
				C9C7191B20478EFF000D6416 /* landscape4.png */,
				C9C7191920478EFF000D6416 /* landscape5.png */,
				C9C7191520478EFF000D6416 /* landscape6.png */,
				C9C7191620478EFF000D6416 /* landscape7.png */,
				C9C7191820478EFF000D6416 /* landscape8.png */,
			);
			path = Wallpapers;
			sourceTree = "<group>";
		};
/* End PBXGroup section */

/* Begin PBXNativeTarget section */
		C98102412016C293000D78E2 /* Studio */ = {
			isa = PBXNativeTarget;
			buildConfigurationList = C98102542016C293000D78E2 /* Build configuration list for PBXNativeTarget "Studio" */;
			buildPhases = (
				C981023E2016C293000D78E2 /* Sources */,
				C981023F2016C293000D78E2 /* Frameworks */,
				C98102402016C293000D78E2 /* Resources */,
			);
			buildRules = (
			);
			dependencies = (
			);
			name = Studio;
			productName = Studio;
			productReference = C98102422016C293000D78E2 /* Studio.app */;
			productType = "com.apple.product-type.application";
		};
/* End PBXNativeTarget section */

/* Begin PBXProject section */
		C981023A2016C293000D78E2 /* Project object */ = {
			isa = PBXProject;
			attributes = {
				LastSwiftUpdateCheck = 0920;
				LastUpgradeCheck = 0920;
				ORGANIZATIONNAME = Bizersoft;
				TargetAttributes = {
					C98102412016C293000D78E2 = {
						CreatedOnToolsVersion = 9.2;
						ProvisioningStyle = Manual;
					};
				};
			};
			buildConfigurationList = C981023D2016C293000D78E2 /* Build configuration list for PBXProject "Studio" */;
			compatibilityVersion = "Xcode 8.0";
			developmentRegion = en;
			hasScannedForEncodings = 0;
			knownRegions = (
				en,
				Base,
			);
			mainGroup = C98102392016C293000D78E2;
			productRefGroup = C98102432016C293000D78E2 /* Products */;
			projectDirPath = "";
			projectRoot = "";
			targets = (
				C98102412016C293000D78E2 /* Studio */,
			);
		};
/* End PBXProject section */

/* Begin PBXResourcesBuildPhase section */
		C98102402016C293000D78E2 /* Resources */ = {
			isa = PBXResourcesBuildPhase;
			buildActionMask = 2147483647;
			files = (
				C9C7191F20478EFF000D6416 /* landscape3.png in Resources */,
				C98102502016C293000D78E2 /* LaunchScreen.storyboard in Resources */,
				C9C7192120478EFF000D6416 /* landscape5.png in Resources */,
				C91CD634204E305D00F0EE09 /* nightCity.png in Resources */,
				C9C7192320478EFF000D6416 /* landscape4.png in Resources */,
				C9C7192420478EFF000D6416 /* landscape2.png in Resources */,
				C981024D2016C293000D78E2 /* Assets.xcassets in Resources */,
				C9C7191D20478EFF000D6416 /* landscape6.png in Resources */,
				C9C7192220478EFF000D6416 /* landscape1.png in Resources */,
				C9C7191E20478EFF000D6416 /* landscape7.png in Resources */,
				35C3974820269C020034F17B /* Steak.jpg in Resources */,
				C9C7192020478EFF000D6416 /* landscape8.png in Resources */,
				C981024B2016C293000D78E2 /* Main.storyboard in Resources */,
				351DF8BC2048C55600284B64 /* Redressed-Regular.ttf in Resources */,
				35C397502026B4CF0034F17B /* Mountain.jpg in Resources */,
				35C3974620269BF10034F17B /* Delicious.jpeg in Resources */,
			);
			runOnlyForDeploymentPostprocessing = 0;
		};
/* End PBXResourcesBuildPhase section */

/* Begin PBXSourcesBuildPhase section */
		C981023E2016C293000D78E2 /* Sources */ = {
			isa = PBXSourcesBuildPhase;
			buildActionMask = 2147483647;
			files = (
				C95B18172016C52100D3A59E /* RoundButton.swift in Sources */,
				C9C71913204780C6000D6416 /* CustomNavBar.swift in Sources */,
				35FC3DF1201CB16900BEB71C /* RotationButton.swift in Sources */,
				C98102462016C293000D78E2 /* AppDelegate.swift in Sources */,
				C91CD636204E5CD500F0EE09 /* GradientView.swift in Sources */,
				C95B18252016D38000D3A59E /* ImageTextfield.swift in Sources */,
				C95B18202016CA3100D3A59E /* UIView+Constraint.swift in Sources */,
				C95B18232016D2C000D3A59E /* AnimationView.swift in Sources */,
				3569DB552025D36A003593D4 /* PullToShow.swift in Sources */,
				35A04AB9202338C200E5CD12 /* SpringAnimation.swift in Sources */,
				C9656058205127CB004C2E45 /* PullRefreshVIew1.swift in Sources */,
				C95B181B2016C5F300D3A59E /* MainViewController.swift in Sources */,
				35C3974A2026A5DF0034F17B /* UIApplication+StatusBar.swift in Sources */,
				35C3974C2026AD4F0034F17B /* ShowNavBar.swift in Sources */,
				C95B181E2016C68500D3A59E /* UIColor+HEXString.swift in Sources */,
			);
			runOnlyForDeploymentPostprocessing = 0;
		};
/* End PBXSourcesBuildPhase section */

/* Begin PBXVariantGroup section */
		C98102492016C293000D78E2 /* Main.storyboard */ = {
			isa = PBXVariantGroup;
			children = (
				C981024A2016C293000D78E2 /* Base */,
			);
			name = Main.storyboard;
			sourceTree = "<group>";
		};
		C981024E2016C293000D78E2 /* LaunchScreen.storyboard */ = {
			isa = PBXVariantGroup;
			children = (
				C981024F2016C293000D78E2 /* Base */,
			);
			name = LaunchScreen.storyboard;
			sourceTree = "<group>";
		};
/* End PBXVariantGroup section */

/* Begin XCBuildConfiguration section */
		C98102522016C293000D78E2 /* Debug */ = {
			isa = XCBuildConfiguration;
			buildSettings = {
				ALWAYS_SEARCH_USER_PATHS = NO;
				CLANG_ANALYZER_NONNULL = YES;
				CLANG_ANALYZER_NUMBER_OBJECT_CONVERSION = YES_AGGRESSIVE;
				CLANG_CXX_LANGUAGE_STANDARD = "gnu++14";
				CLANG_CXX_LIBRARY = "libc++";
				CLANG_ENABLE_MODULES = YES;
				CLANG_ENABLE_OBJC_ARC = YES;
				CLANG_WARN_BLOCK_CAPTURE_AUTORELEASING = YES;
				CLANG_WARN_BOOL_CONVERSION = YES;
				CLANG_WARN_COMMA = YES;
				CLANG_WARN_CONSTANT_CONVERSION = YES;
				CLANG_WARN_DIRECT_OBJC_ISA_USAGE = YES_ERROR;
				CLANG_WARN_DOCUMENTATION_COMMENTS = YES;
				CLANG_WARN_EMPTY_BODY = YES;
				CLANG_WARN_ENUM_CONVERSION = YES;
				CLANG_WARN_INFINITE_RECURSION = YES;
				CLANG_WARN_INT_CONVERSION = YES;
				CLANG_WARN_NON_LITERAL_NULL_CONVERSION = YES;
				CLANG_WARN_OBJC_LITERAL_CONVERSION = YES;
				CLANG_WARN_OBJC_ROOT_CLASS = YES_ERROR;
				CLANG_WARN_RANGE_LOOP_ANALYSIS = YES;
				CLANG_WARN_STRICT_PROTOTYPES = YES;
				CLANG_WARN_SUSPICIOUS_MOVE = YES;
				CLANG_WARN_UNGUARDED_AVAILABILITY = YES_AGGRESSIVE;
				CLANG_WARN_UNREACHABLE_CODE = YES;
				CLANG_WARN__DUPLICATE_METHOD_MATCH = YES;
				CODE_SIGN_IDENTITY = "iPhone Developer";
				COPY_PHASE_STRIP = NO;
				DEBUG_INFORMATION_FORMAT = dwarf;
				ENABLE_STRICT_OBJC_MSGSEND = YES;
				ENABLE_TESTABILITY = YES;
				GCC_C_LANGUAGE_STANDARD = gnu11;
				GCC_DYNAMIC_NO_PIC = NO;
				GCC_NO_COMMON_BLOCKS = YES;
				GCC_OPTIMIZATION_LEVEL = 0;
				GCC_PREPROCESSOR_DEFINITIONS = (
					"DEBUG=1",
					"$(inherited)",
				);
				GCC_WARN_64_TO_32_BIT_CONVERSION = YES;
				GCC_WARN_ABOUT_RETURN_TYPE = YES_ERROR;
				GCC_WARN_UNDECLARED_SELECTOR = YES;
				GCC_WARN_UNINITIALIZED_AUTOS = YES_AGGRESSIVE;
				GCC_WARN_UNUSED_FUNCTION = YES;
				GCC_WARN_UNUSED_VARIABLE = YES;
				IPHONEOS_DEPLOYMENT_TARGET = 10.2;
				MTL_ENABLE_DEBUG_INFO = YES;
				ONLY_ACTIVE_ARCH = YES;
				SDKROOT = iphoneos;
				SWIFT_ACTIVE_COMPILATION_CONDITIONS = DEBUG;
				SWIFT_OPTIMIZATION_LEVEL = "-Onone";
			};
			name = Debug;
		};
		C98102532016C293000D78E2 /* Release */ = {
			isa = XCBuildConfiguration;
			buildSettings = {
				ALWAYS_SEARCH_USER_PATHS = NO;
				CLANG_ANALYZER_NONNULL = YES;
				CLANG_ANALYZER_NUMBER_OBJECT_CONVERSION = YES_AGGRESSIVE;
				CLANG_CXX_LANGUAGE_STANDARD = "gnu++14";
				CLANG_CXX_LIBRARY = "libc++";
				CLANG_ENABLE_MODULES = YES;
				CLANG_ENABLE_OBJC_ARC = YES;
				CLANG_WARN_BLOCK_CAPTURE_AUTORELEASING = YES;
				CLANG_WARN_BOOL_CONVERSION = YES;
				CLANG_WARN_COMMA = YES;
				CLANG_WARN_CONSTANT_CONVERSION = YES;
				CLANG_WARN_DIRECT_OBJC_ISA_USAGE = YES_ERROR;
				CLANG_WARN_DOCUMENTATION_COMMENTS = YES;
				CLANG_WARN_EMPTY_BODY = YES;
				CLANG_WARN_ENUM_CONVERSION = YES;
				CLANG_WARN_INFINITE_RECURSION = YES;
				CLANG_WARN_INT_CONVERSION = YES;
				CLANG_WARN_NON_LITERAL_NULL_CONVERSION = YES;
				CLANG_WARN_OBJC_LITERAL_CONVERSION = YES;
				CLANG_WARN_OBJC_ROOT_CLASS = YES_ERROR;
				CLANG_WARN_RANGE_LOOP_ANALYSIS = YES;
				CLANG_WARN_STRICT_PROTOTYPES = YES;
				CLANG_WARN_SUSPICIOUS_MOVE = YES;
				CLANG_WARN_UNGUARDED_AVAILABILITY = YES_AGGRESSIVE;
				CLANG_WARN_UNREACHABLE_CODE = YES;
				CLANG_WARN__DUPLICATE_METHOD_MATCH = YES;
				CODE_SIGN_IDENTITY = "iPhone Developer";
				COPY_PHASE_STRIP = NO;
				DEBUG_INFORMATION_FORMAT = "dwarf-with-dsym";
				ENABLE_NS_ASSERTIONS = NO;
				ENABLE_STRICT_OBJC_MSGSEND = YES;
				GCC_C_LANGUAGE_STANDARD = gnu11;
				GCC_NO_COMMON_BLOCKS = YES;
				GCC_WARN_64_TO_32_BIT_CONVERSION = YES;
				GCC_WARN_ABOUT_RETURN_TYPE = YES_ERROR;
				GCC_WARN_UNDECLARED_SELECTOR = YES;
				GCC_WARN_UNINITIALIZED_AUTOS = YES_AGGRESSIVE;
				GCC_WARN_UNUSED_FUNCTION = YES;
				GCC_WARN_UNUSED_VARIABLE = YES;
				IPHONEOS_DEPLOYMENT_TARGET = 10.2;
				MTL_ENABLE_DEBUG_INFO = NO;
				SDKROOT = iphoneos;
				SWIFT_OPTIMIZATION_LEVEL = "-Owholemodule";
				VALIDATE_PRODUCT = YES;
			};
			name = Release;
		};
		C98102552016C293000D78E2 /* Debug */ = {
			isa = XCBuildConfiguration;
			buildSettings = {
				ASSETCATALOG_COMPILER_APPICON_NAME = AppIcon;
				CODE_SIGN_STYLE = Manual;
				DEVELOPMENT_TEAM = "";
				INFOPLIST_FILE = Studio/Info.plist;
				LD_RUNPATH_SEARCH_PATHS = "$(inherited) @executable_path/Frameworks";
				PRODUCT_BUNDLE_IDENTIFIER = com.bizersoft.Studio;
				PRODUCT_NAME = "$(TARGET_NAME)";
				PROVISIONING_PROFILE_SPECIFIER = "";
				SWIFT_VERSION = 4.0;
				TARGETED_DEVICE_FAMILY = "1,2";
			};
			name = Debug;
		};
		C98102562016C293000D78E2 /* Release */ = {
			isa = XCBuildConfiguration;
			buildSettings = {
				ASSETCATALOG_COMPILER_APPICON_NAME = AppIcon;
				CODE_SIGN_STYLE = Manual;
				DEVELOPMENT_TEAM = "";
				INFOPLIST_FILE = Studio/Info.plist;
				LD_RUNPATH_SEARCH_PATHS = "$(inherited) @executable_path/Frameworks";
				PRODUCT_BUNDLE_IDENTIFIER = com.bizersoft.Studio;
				PRODUCT_NAME = "$(TARGET_NAME)";
				PROVISIONING_PROFILE_SPECIFIER = "";
				SWIFT_VERSION = 4.0;
				TARGETED_DEVICE_FAMILY = "1,2";
			};
			name = Release;
		};
/* End XCBuildConfiguration section */

/* Begin XCConfigurationList section */
		C981023D2016C293000D78E2 /* Build configuration list for PBXProject "Studio" */ = {
			isa = XCConfigurationList;
			buildConfigurations = (
				C98102522016C293000D78E2 /* Debug */,
				C98102532016C293000D78E2 /* Release */,
			);
			defaultConfigurationIsVisible = 0;
			defaultConfigurationName = Release;
		};
		C98102542016C293000D78E2 /* Build configuration list for PBXNativeTarget "Studio" */ = {
			isa = XCConfigurationList;
			buildConfigurations = (
				C98102552016C293000D78E2 /* Debug */,
				C98102562016C293000D78E2 /* Release */,
			);
			defaultConfigurationIsVisible = 0;
			defaultConfigurationName = Release;
		};
/* End XCConfigurationList section */
	};
	rootObject = C981023A2016C293000D78E2 /* Project object */;
}
